
Microsoft Visual Studio Solution File, Format Version 12.00
Project("{FAE04EC0-301F-11D3-BF4B-00C04F79EFBC}") = "Login - CSAngular", "Login - CSAngular\Login - CSAngular.csproj", "{7735B1D9-5CAB-4E9F-8112-84966DCF7F07}"
EndProject
Global
	GlobalSection(SolutionConfigurationPlatforms) = preSolution
		Debug|Any CPU = Debug|Any CPU
		Release|Any CPU = Release|Any CPU
	EndGlobalSection
	GlobalSection(ProjectConfigurationPlatforms) = postSolution
		{7735B1D9-5CAB-4E9F-8112-84966DCF7F07}.Debug|Any CPU.ActiveCfg = Debug|Any CPU
		{7735B1D9-5CAB-4E9F-8112-84966DCF7F07}.Debug|Any CPU.Build.0 = Debug|Any CPU
		{7735B1D9-5CAB-4E9F-8112-84966DCF7F07}.Release|Any CPU.ActiveCfg = Release|Any CPU
		{7735B1D9-5CAB-4E9F-8112-84966DCF7F07}.Release|Any CPU.Build.0 = Release|Any CPU
	EndGlobalSection
EndGlobal
